PODS:
  - KeychainAccess (3.1.2)
  - Quick (1.3.2)
  - RxAtomic (4.4.0)
  - RxCocoa (4.4.0):
    - RxSwift (~> 4.0)
  - RxSwift (4.4.0):
    - RxAtomic (~> 4.4)
  - SwiftLint (0.28.2)

DEPENDENCIES:
  - KeychainAccess
  - Quick
  - RxCocoa
  - RxSwift
  - SwiftLint

SPEC REPOS:
  https://github.com/cocoapods/specs.git:
    - KeychainAccess
    - Quick
    - RxAtomic
    - RxCocoa
    - RxSwift
    - SwiftLint

SPEC CHECKSUMS:
  KeychainAccess: b3816fddcf28aa29d94b10ec305cd52be14c472b
  Quick: 2623cb30d7a7f41ca62f684f679586558f483d46
  RxAtomic: eacf60db868c96bfd63320e28619fe29c179656f
  RxCocoa: df63ebf7b9a70d6b4eeea407ed5dd4efc8979749
  RxSwift: 5976ecd04fc2fefd648827c23de5e11157faa973
  SwiftLint: f1629ae733b64e9cad20052de01d1debd5b640e7

PODFILE CHECKSUM: c2181150b57ee50a0d52d1ab5744a0cb3f19c1e1

COCOAPODS: 1.6.0
